
Microsoft Visual Studio Solution File, Format Version 12.00
# Visual Studio 15
VisualStudioVersion = 15.0.27703.2026
MinimumVisualStudioVersion = 10.0.40219.1
Project("{FAE04EC0-301F-11D3-BF4B-00C04F79EFBC}") = "WPGC3Test", "WPGC3Test\WPGC3Test.csproj", "{1850D903-2637-4589-9032-BAF8BFEDEA7A}"
EndProject
Global
	GlobalSection(SolutionConfigurationPlatforms) = preSolution
		Debug|Any CPU = Debug|Any CPU
		Release|Any CPU = Release|Any CPU
	EndGlobalSection
	GlobalSection(ProjectConfigurationPlatforms) = postSolution
		{1850D903-2637-4589-9032-BAF8BFEDEA7A}.Debug|Any CPU.ActiveCfg = Debug|Any CPU
		{1850D903-2637-4589-9032-BAF8BFEDEA7A}.Debug|Any CPU.Build.0 = Debug|Any CPU
		{1850D903-2637-4589-9032-BAF8BFEDEA7A}.Release|Any CPU.ActiveCfg = Release|Any CPU
		{1850D903-2637-4589-9032-BAF8BFEDEA7A}.Release|Any CPU.Build.0 = Release|Any CPU
	EndGlobalSection
	GlobalSection(SolutionProperties) = preSolution
		HideSolutionNode = FALSE
	EndGlobalSection
	GlobalSection(ExtensibilityGlobals) = postSolution
		SolutionGuid = {E5B5243E-5C83-49AC-8841-25FFE1E02A7B}
	EndGlobalSection
EndGlobal
